
Microsoft Visual Studio Solution File, Format Version 12.00
# Visual Studio Version 17
VisualStudioVersion = 17.0.32112.339
MinimumVisualStudioVersion = 10.0.40219.1
Project("{FAE04EC0-301F-11D3-BF4B-00C04F79EFBC}") = "GitHubTest", "GitHubTest\GitHubTest.csproj", "{BBC100DE-9D3B-4917-A69D-B4A72418432E}"
EndProject
Global
	GlobalSection(SolutionConfigurationPlatforms) = preSolution
		Debug|Any CPU = Debug|Any CPU
		Release|Any CPU = Release|Any CPU
	EndGlobalSection
	GlobalSection(ProjectConfigurationPlatforms) = postSolution
		{BBC100DE-9D3B-4917-A69D-B4A72418432E}.Debug|Any CPU.ActiveCfg = Debug|Any CPU
		{BBC100DE-9D3B-4917-A69D-B4A72418432E}.Debug|Any CPU.Build.0 = Debug|Any CPU
		{BBC100DE-9D3B-4917-A69D-B4A72418432E}.Release|Any CPU.ActiveCfg = Release|Any CPU
		{BBC100DE-9D3B-4917-A69D-B4A72418432E}.Release|Any CPU.Build.0 = Release|Any CPU
	EndGlobalSection
	GlobalSection(SolutionProperties) = preSolution
		HideSolutionNode = FALSE
	EndGlobalSection
	GlobalSection(ExtensibilityGlobals) = postSolution
		SolutionGuid = {1163A816-2485-4496-9934-B16B22145DC6}
	EndGlobalSection
EndGlobal
